
Microsoft Visual Studio Solution File, Format Version 12.00
# Visual Studio Version 16
VisualStudioVersion = 16.0.30907.101
MinimumVisualStudioVersion = 10.0.40219.1
Project("{FAE04EC0-301F-11D3-BF4B-00C04F79EFBC}") = "Superheroes", "Superheroes\Superheroes.csproj", "{035F3DB5-42E2-452A-9114-AD5D25189724}"
EndProject
Global
	GlobalSection(SolutionConfigurationPlatforms) = preSolution
		Debug|Any CPU = Debug|Any CPU
		Release|Any CPU = Release|Any CPU
	EndGlobalSection
	GlobalSection(ProjectConfigurationPlatforms) = postSolution
		{035F3DB5-42E2-452A-9114-AD5D25189724}.Debug|Any CPU.ActiveCfg = Debug|Any CPU
		{035F3DB5-42E2-452A-9114-AD5D25189724}.Debug|Any CPU.Build.0 = Debug|Any CPU
		{035F3DB5-42E2-452A-9114-AD5D25189724}.Release|Any CPU.ActiveCfg = Release|Any CPU
		{035F3DB5-42E2-452A-9114-AD5D25189724}.Release|Any CPU.Build.0 = Release|Any CPU
	EndGlobalSection
	GlobalSection(SolutionProperties) = preSolution
		HideSolutionNode = FALSE
	EndGlobalSection
	GlobalSection(ExtensibilityGlobals) = postSolution
		SolutionGuid = {2D27199A-0B43-4CE3-9849-E1D56907DEB0}
	EndGlobalSection
EndGlobal
